
Microsoft Visual Studio Solution File, Format Version 12.00
# Visual Studio 15
VisualStudioVersion = 15.0.27130.2010
MinimumVisualStudioVersion = 10.0.40219.1
Project("{9A19103F-16F7-4668-BE54-9A1E7A4F7556}") = "my.messenger.webclient", "my.messenger.webclient\my.messenger.webclient.csproj", "{40683505-0146-4CBD-B7A6-B291062A5CB1}"
EndProject
Project("{9A19103F-16F7-4668-BE54-9A1E7A4F7556}") = "my.messenger.backend", "my.messenger.backend\my.messenger.backend.csproj", "{EEB2A845-9D0A-487F-83D0-D7965F70AC67}"
EndProject
Project("{9A19103F-16F7-4668-BE54-9A1E7A4F7556}") = "my.messenger.common", "my.messenger.common\my.messenger.common.csproj", "{B70AFBAC-6B25-4249-A96B-6140C04F6CCC}"
EndProject
Project("{2150E333-8FDC-42A3-9474-1A3956D46DE8}") = "Solution Items", "Solution Items", "{77DCF36D-4123-4EC1-B6EA-9D874DE29DE1}"
	ProjectSection(SolutionItems) = preProject
		delete-all-queues.ps1 = delete-all-queues.ps1
		start-rabbitmq.ps1 = start-rabbitmq.ps1
	EndProjectSection
EndProject
Global
	GlobalSection(SolutionConfigurationPlatforms) = preSolution
		Debug|Any CPU = Debug|Any CPU
		Release|Any CPU = Release|Any CPU
	EndGlobalSection
	GlobalSection(ProjectConfigurationPlatforms) = postSolution
		{40683505-0146-4CBD-B7A6-B291062A5CB1}.Debug|Any CPU.ActiveCfg = Debug|Any CPU
		{40683505-0146-4CBD-B7A6-B291062A5CB1}.Debug|Any CPU.Build.0 = Debug|Any CPU
		{40683505-0146-4CBD-B7A6-B291062A5CB1}.Release|Any CPU.ActiveCfg = Release|Any CPU
		{40683505-0146-4CBD-B7A6-B291062A5CB1}.Release|Any CPU.Build.0 = Release|Any CPU
		{EEB2A845-9D0A-487F-83D0-D7965F70AC67}.Debug|Any CPU.ActiveCfg = Debug|Any CPU
		{EEB2A845-9D0A-487F-83D0-D7965F70AC67}.Debug|Any CPU.Build.0 = Debug|Any CPU
		{EEB2A845-9D0A-487F-83D0-D7965F70AC67}.Release|Any CPU.ActiveCfg = Release|Any CPU
		{EEB2A845-9D0A-487F-83D0-D7965F70AC67}.Release|Any CPU.Build.0 = Release|Any CPU
		{B70AFBAC-6B25-4249-A96B-6140C04F6CCC}.Debug|Any CPU.ActiveCfg = Debug|Any CPU
		{B70AFBAC-6B25-4249-A96B-6140C04F6CCC}.Debug|Any CPU.Build.0 = Debug|Any CPU
		{B70AFBAC-6B25-4249-A96B-6140C04F6CCC}.Release|Any CPU.ActiveCfg = Release|Any CPU
		{B70AFBAC-6B25-4249-A96B-6140C04F6CCC}.Release|Any CPU.Build.0 = Release|Any CPU
	EndGlobalSection
	GlobalSection(SolutionProperties) = preSolution
		HideSolutionNode = FALSE
	EndGlobalSection
	GlobalSection(ExtensibilityGlobals) = postSolution
		SolutionGuid = {4009FEBE-B4C8-40DB-A34A-E1A83F1102B1}
	EndGlobalSection
EndGlobal
